github.com/jeromer/syslogparser v0.0.0-20190429161531-5fbaaf06d9e7 h1:FRDp/rRU2sThfssdHIUATCKJOms8R6A9rrhdC1sLqFI=
github.com/jeromer/syslogparser v0.0.0-20190429161531-5fbaaf06d9e7/go.mod h1:mQyv/QAgjs9+PTi/iXveno+U86nKGsltjqf3ilYx4Bg=
gopkg.in/natefinch/lumberjack.v2 v2.0.0 h1:1Lc07Kr7qY4U2YPouBjpCLxpiyxIVoxqXgkXLknAOE8=
gopkg.in/natefinch/lumberjack.v2 v2.0.0/go.mod h1:l0ndWWf7gzL7RNwBG7wST/UCcT4T24xpD6X8LsfU/+k=
